
Microsoft Visual Studio Solution File, Format Version 12.00
# Visual Studio Version 16
VisualStudioVersion = 16.0.31025.194
MinimumVisualStudioVersion = 10.0.40219.1
Project("{FAE04EC0-301F-11D3-BF4B-00C04F79EFBC}") = "PR_6", "PR_6\PR_6.csproj", "{10781215-9754-48A9-8F6D-B18B005428B2}"
EndProject
Project("{FAE04EC0-301F-11D3-BF4B-00C04F79EFBC}") = "TestMyProject", "TestMyProject\TestMyProject.csproj", "{7BC8F825-7146-4C49-9841-E4C2BECD846C}"
EndProject
Global
	GlobalSection(SolutionConfigurationPlatforms) = preSolution
		Debug|Any CPU = Debug|Any CPU
		Release|Any CPU = Release|Any CPU
	EndGlobalSection
	GlobalSection(ProjectConfigurationPlatforms) = postSolution
		{10781215-9754-48A9-8F6D-B18B005428B2}.Debug|Any CPU.ActiveCfg = Debug|Any CPU
		{10781215-9754-48A9-8F6D-B18B005428B2}.Debug|Any CPU.Build.0 = Debug|Any CPU
		{10781215-9754-48A9-8F6D-B18B005428B2}.Release|Any CPU.ActiveCfg = Release|Any CPU
		{10781215-9754-48A9-8F6D-B18B005428B2}.Release|Any CPU.Build.0 = Release|Any CPU
		{7BC8F825-7146-4C49-9841-E4C2BECD846C}.Debug|Any CPU.ActiveCfg = Debug|Any CPU
		{7BC8F825-7146-4C49-9841-E4C2BECD846C}.Debug|Any CPU.Build.0 = Debug|Any CPU
		{7BC8F825-7146-4C49-9841-E4C2BECD846C}.Release|Any CPU.ActiveCfg = Release|Any CPU
		{7BC8F825-7146-4C49-9841-E4C2BECD846C}.Release|Any CPU.Build.0 = Release|Any CPU
	EndGlobalSection
	GlobalSection(SolutionProperties) = preSolution
		HideSolutionNode = FALSE
	EndGlobalSection
	GlobalSection(ExtensibilityGlobals) = postSolution
		SolutionGuid = {90215129-7DEC-4719-B96F-29BD2D59A74A}
	EndGlobalSection
EndGlobal
